{
  "version": 4,
  "terraform_version": "1.2.1",
  "serial": 16,
  "lineage": "47811c82-a4b6-b50e-1ebc-24bbe3dd5cb2",
  "outputs": {},
  "resources": [
    {
      "mode": "data",
      "type": "archive_file",
      "name": "zip_lambda_1",
      "provider": "provider[\"registry.terraform.io/hashicorp/archive\"]",
      "instances": [
        {
          "index_key": "lambda1",
          "schema_version": 0,
          "attributes": {
            "excludes": null,
            "id": "6347bc9b8cffcae5b9fd359122df945ee3388333",
            "output_base64sha256": "8GGwtmecr3G5E32+vm7XtNq6diJ7H3cxzxvUBJ4hXD4=",
            "output_file_mode": null,
            "output_md5": "6310f435df8ddfa43d7f12768861b7dc",
            "output_path": "./function/lambda1/lambda1.zip",
            "output_sha": "6347bc9b8cffcae5b9fd359122df945ee3388333",
            "output_size": 681,
            "source": [],
            "source_content": null,
            "source_content_filename": null,
            "source_dir": "./function/lambda1",
            "source_file": null,
            "type": "zip"
          },
          "sensitive_attributes": []
        },
        {
          "index_key": "lambda2",
          "schema_version": 0,
          "attributes": {
            "excludes": null,
            "id": "535415770f40943a309d9231f49d96dd849562c9",
            "output_base64sha256": "5w34mAucvocicEuo+ycVQfTVIHgdcXMjAExJjqDEmwA=",
            "output_file_mode": null,
            "output_md5": "1b8920474f5479cb5b4563c028511e5f",
            "output_path": "./function/lambda2/lambda2.zip",
            "output_sha": "535415770f40943a309d9231f49d96dd849562c9",
            "output_size": 591,
            "source": [],
            "source_content": null,
            "source_content_filename": null,
            "source_dir": "./function/lambda2",
            "source_file": null,
            "type": "zip"
          },
          "sensitive_attributes": []
        }
      ]
    },
    {
      "mode": "managed",
      "type": "aws_iam_role",
      "name": "poc_iam_for_lambda",
      "provider": "provider[\"registry.terraform.io/hashicorp/aws\"]",
      "instances": [
        {
          "schema_version": 0,
          "attributes": {
            "arn": "arn:aws:iam::867429062264:role/poc_iam_for_lambda",
            "assume_role_policy": "{\"Version\":\"2012-10-17\",\"Statement\":[{\"Sid\":\"\",\"Effect\":\"Allow\",\"Principal\":{\"Service\":\"lambda.amazonaws.com\"},\"Action\":\"sts:AssumeRole\"}]}",
            "create_date": "2022-06-02T06:44:05Z",
            "description": "",
            "force_detach_policies": false,
            "id": "poc_iam_for_lambda",
            "inline_policy": [
              {
                "name": "",
                "policy": ""
              }
            ],
            "managed_policy_arns": [
              "arn:aws:iam::aws:policy/AWSLambdaExecute",
              "arn:aws:iam::aws:policy/AmazonSQSReadOnlyAccess"
            ],
            "max_session_duration": 3600,
            "name": "poc_iam_for_lambda",
            "name_prefix": "",
            "path": "/",
            "permissions_boundary": null,
            "tags": {},
            "tags_all": {},
            "unique_id": "AROA4T5WNCZ4BHR4WABCB"
          },
          "sensitive_attributes": [],
          "private": "bnVsbA=="
        }
      ]
    },
    {
      "mode": "managed",
      "type": "aws_lambda_function",
      "name": "lambda_func",
      "provider": "provider[\"registry.terraform.io/hashicorp/aws\"]",
      "instances": [
        {
          "index_key": "lambda1",
          "schema_version": 0,
          "attributes": {
            "architectures": [
              "x86_64"
            ],
            "arn": "arn:aws:lambda:ap-south-1:867429062264:function:lambda1",
            "code_signing_config_arn": "",
            "dead_letter_config": [],
            "description": "",
            "environment": [],
            "ephemeral_storage": [
              {
                "size": 512
              }
            ],
            "file_system_config": [],
            "filename": "./function/lambda1/lambda1.zip",
            "function_name": "lambda1",
            "handler": "index.lambda_handler",
            "id": "lambda1",
            "image_config": [],
            "image_uri": "",
            "invoke_arn": "arn:aws:apigateway:ap-south-1:lambda:path/2015-03-31/functions/arn:aws:lambda:ap-south-1:867429062264:function:lambda1/invocations",
            "kms_key_arn": "",
            "last_modified": "2022-06-02T07:10:50.828+0000",
            "layers": [],
            "memory_size": 128,
            "package_type": "Zip",
            "publish": false,
            "qualified_arn": "arn:aws:lambda:ap-south-1:867429062264:function:lambda1:$LATEST",
            "reserved_concurrent_executions": -1,
            "role": "arn:aws:iam::867429062264:role/poc_iam_for_lambda",
            "runtime": "python3.8",
            "s3_bucket": null,
            "s3_key": null,
            "s3_object_version": null,
            "signing_job_arn": "",
            "signing_profile_version_arn": "",
            "source_code_hash": "8GGwtmecr3G5E32+vm7XtNq6diJ7H3cxzxvUBJ4hXD4=",
            "source_code_size": 681,
            "tags": {},
            "tags_all": {},
            "timeout": 3,
            "timeouts": null,
            "tracing_config": [
              {
                "mode": "PassThrough"
              }
            ],
            "version": "$LATEST",
            "vpc_config": []
          },
          "sensitive_attributes": [],
          "private": "eyJlMmJmYjczMC1lY2FhLTExZTYtOGY4OC0zNDM2M2JjN2M0YzAiOnsiY3JlYXRlIjo2MDAwMDAwMDAwMDB9fQ==",
          "dependencies": [
            "aws_iam_role.poc_iam_for_lambda"
          ]
        },
        {
          "index_key": "lambda2",
          "schema_version": 0,
          "attributes": {
            "architectures": [
              "x86_64"
            ],
            "arn": "arn:aws:lambda:ap-south-1:867429062264:function:lambda2",
            "code_signing_config_arn": "",
            "dead_letter_config": [],
            "description": "",
            "environment": [],
            "ephemeral_storage": [
              {
                "size": 512
              }
            ],
            "file_system_config": [],
            "filename": "./function/lambda2/lambda2.zip",
            "function_name": "lambda2",
            "handler": "index.lambda_handler",
            "id": "lambda2",
            "image_config": [],
            "image_uri": "",
            "invoke_arn": "arn:aws:apigateway:ap-south-1:lambda:path/2015-03-31/functions/arn:aws:lambda:ap-south-1:867429062264:function:lambda2/invocations",
            "kms_key_arn": "",
            "last_modified": "2022-06-02T07:10:50.834+0000",
            "layers": [],
            "memory_size": 128,
            "package_type": "Zip",
            "publish": false,
            "qualified_arn": "arn:aws:lambda:ap-south-1:867429062264:function:lambda2:$LATEST",
            "reserved_concurrent_executions": -1,
            "role": "arn:aws:iam::867429062264:role/poc_iam_for_lambda",
            "runtime": "python3.8",
            "s3_bucket": null,
            "s3_key": null,
            "s3_object_version": null,
            "signing_job_arn": "",
            "signing_profile_version_arn": "",
            "source_code_hash": "5w34mAucvocicEuo+ycVQfTVIHgdcXMjAExJjqDEmwA=",
            "source_code_size": 591,
            "tags": {},
            "tags_all": {},
            "timeout": 3,
            "timeouts": null,
            "tracing_config": [
              {
                "mode": "PassThrough"
              }
            ],
            "version": "$LATEST",
            "vpc_config": []
          },
          "sensitive_attributes": [],
          "private": "eyJlMmJmYjczMC1lY2FhLTExZTYtOGY4OC0zNDM2M2JjN2M0YzAiOnsiY3JlYXRlIjo2MDAwMDAwMDAwMDB9fQ==",
          "dependencies": [
            "aws_iam_role.poc_iam_for_lambda"
          ]
        }
      ]
    },
    {
      "mode": "managed",
      "type": "aws_lambda_permission",
      "name": "test",
      "provider": "provider[\"registry.terraform.io/hashicorp/aws\"]",
      "instances": [
        {
          "schema_version": 0,
          "attributes": {
            "action": "lambda:InvokeFunction",
            "event_source_token": null,
            "function_name": "lambda1",
            "function_url_auth_type": null,
            "id": "AllowS3Invoke",
            "principal": "s3.amazonaws.com",
            "principal_org_id": null,
            "qualifier": "",
            "source_account": null,
            "source_arn": "arn:aws:s3:::poc-spring-test-bucket",
            "statement_id": "AllowS3Invoke",
            "statement_id_prefix": ""
          },
          "sensitive_attributes": [],
          "private": "bnVsbA==",
          "dependencies": [
            "aws_iam_role.poc_iam_for_lambda",
            "aws_lambda_function.lambda_func",
            "aws_s3_bucket.POC_Spring"
          ]
        }
      ]
    },
    {
      "mode": "managed",
      "type": "aws_s3_bucket",
      "name": "POC_Spring",
      "provider": "provider[\"registry.terraform.io/hashicorp/aws\"]",
      "instances": [
        {
          "schema_version": 0,
          "attributes": {
            "acceleration_status": "",
            "acl": null,
            "arn": "arn:aws:s3:::poc-spring-test-bucket",
            "bucket": "poc-spring-test-bucket",
            "bucket_domain_name": "poc-spring-test-bucket.s3.amazonaws.com",
            "bucket_prefix": null,
            "bucket_regional_domain_name": "poc-spring-test-bucket.s3.ap-south-1.amazonaws.com",
            "cors_rule": [],
            "force_destroy": false,
            "grant": [
              {
                "id": "b3190f9dca49c50532690c8a63f9d795a147401f4ca5089904161d32e596777e",
                "permissions": [
                  "FULL_CONTROL"
                ],
                "type": "CanonicalUser",
                "uri": ""
              }
            ],
            "hosted_zone_id": "Z11RGJOFQNVJUP",
            "id": "poc-spring-test-bucket",
            "lifecycle_rule": [],
            "logging": [],
            "object_lock_configuration": [],
            "object_lock_enabled": false,
            "policy": "",
            "region": "ap-south-1",
            "replication_configuration": [],
            "request_payer": "BucketOwner",
            "server_side_encryption_configuration": [],
            "tags": {
              "Environment": "Dev",
              "Name": "POC_Spring"
            },
            "tags_all": {
              "Environment": "Dev",
              "Name": "POC_Spring"
            },
            "versioning": [
              {
                "enabled": false,
                "mfa_delete": false
              }
            ],
            "website": [],
            "website_domain": null,
            "website_endpoint": null
          },
          "sensitive_attributes": [],
          "private": "bnVsbA=="
        }
      ]
    },
    {
      "mode": "managed",
      "type": "aws_s3_bucket_notification",
      "name": "aws-lambda-trigger",
      "provider": "provider[\"registry.terraform.io/hashicorp/aws\"]",
      "instances": [
        {
          "schema_version": 0,
          "attributes": {
            "bucket": "poc-spring-test-bucket",
            "eventbridge": false,
            "id": "poc-spring-test-bucket",
            "lambda_function": [
              {
                "events": [
                  "s3:ObjectCreated:*"
                ],
                "filter_prefix": "",
                "filter_suffix": "",
                "id": "tf-s3-lambda-20220602071050766000000001",
                "lambda_function_arn": "arn:aws:lambda:ap-south-1:867429062264:function:lambda1"
              }
            ],
            "queue": [],
            "topic": []
          },
          "sensitive_attributes": [],
          "private": "bnVsbA==",
          "dependencies": [
            "aws_iam_role.poc_iam_for_lambda",
            "aws_lambda_function.lambda_func",
            "aws_s3_bucket.POC_Spring"
          ]
        }
      ]
    }
  ]
}
